
Microsoft Visual Studio Solution File, Format Version 12.00
# Visual Studio Version 17
VisualStudioVersion = 17.0.31903.59
MinimumVisualStudioVersion = 10.0.40219.1
Project("{2150E333-8FDC-42A3-9474-1A3956D46DE8}") = "src", "src", "{8E8B8F8D-6E0B-4F9D-8F4C-1E8B8F8D6E0B}"
EndProject
Project("{2150E333-8FDC-42A3-9474-1A3956D46DE8}") = "docs", "docs", "{7D7A7E7C-5D0A-4E8C-7E3B-0D7A7E7C5D0A}"
EndProject
Project("{2150E333-8FDC-42A3-9474-1A3956D46DE8}") = "frontend", "frontend", "{6C6979D9-4C09-3D7B-6D2A-9D6C6979D94C}"
EndProject
Project("{FAE04EC0-301F-11D3-BF4B-00C04F79EFBC}") = "LON.Domain", "src\LON.Domain\LON.Domain.csproj", "{1A1B1C1D-1E1F-2021-2223-242526272829}"
EndProject
Project("{FAE04EC0-301F-11D3-BF4B-00C04F79EFBC}") = "LON.Application", "src\LON.Application\LON.Application.csproj", "{2B2C2D2E-2F30-3132-3334-353637383940}"
EndProject
Project("{FAE04EC0-301F-11D3-BF4B-00C04F79EFBC}") = "LON.Infrastructure", "src\LON.Infrastructure\LON.Infrastructure.csproj", "{3C3D3E3F-4041-4243-4445-464748495051}"
EndProject
Project("{FAE04EC0-301F-11D3-BF4B-00C04F79EFBC}") = "LON.API", "src\LON.API\LON.API.csproj", "{4D4E4F50-5152-5354-5556-575859606162}"
EndProject
Project("{FAE04EC0-301F-11D3-BF4B-00C04F79EFBC}") = "LON.Worker", "src\LON.Worker\LON.Worker.csproj", "{5E5F6061-6263-6465-6667-686970717273}"
EndProject
Global
	GlobalSection(SolutionConfigurationPlatforms) = preSolution
		Debug|Any CPU = Debug|Any CPU
		Release|Any CPU = Release|Any CPU
	EndGlobalSection
	GlobalSection(ProjectConfigurationPlatforms) = postSolution
		{1A1B1C1D-1E1F-2021-2223-242526272829}.Debug|Any CPU.ActiveCfg = Debug|Any CPU
		{1A1B1C1D-1E1F-2021-2223-242526272829}.Debug|Any CPU.Build.0 = Debug|Any CPU
		{1A1B1C1D-1E1F-2021-2223-242526272829}.Release|Any CPU.ActiveCfg = Release|Any CPU
		{1A1B1C1D-1E1F-2021-2223-242526272829}.Release|Any CPU.Build.0 = Release|Any CPU
		{2B2C2D2E-2F30-3132-3334-353637383940}.Debug|Any CPU.ActiveCfg = Debug|Any CPU
		{2B2C2D2E-2F30-3132-3334-353637383940}.Debug|Any CPU.Build.0 = Debug|Any CPU
		{2B2C2D2E-2F30-3132-3334-353637383940}.Release|Any CPU.ActiveCfg = Release|Any CPU
		{2B2C2D2E-2F30-3132-3334-353637383940}.Release|Any CPU.Build.0 = Release|Any CPU
		{3C3D3E3F-4041-4243-4445-464748495051}.Debug|Any CPU.ActiveCfg = Debug|Any CPU
		{3C3D3E3F-4041-4243-4445-464748495051}.Debug|Any CPU.Build.0 = Debug|Any CPU
		{3C3D3E3F-4041-4243-4445-464748495051}.Release|Any CPU.ActiveCfg = Release|Any CPU
		{3C3D3E3F-4041-4243-4445-464748495051}.Release|Any CPU.Build.0 = Release|Any CPU
		{4D4E4F50-5152-5354-5556-575859606162}.Debug|Any CPU.ActiveCfg = Debug|Any CPU
		{4D4E4F50-5152-5354-5556-575859606162}.Debug|Any CPU.Build.0 = Debug|Any CPU
		{4D4E4F50-5152-5354-5556-575859606162}.Release|Any CPU.ActiveCfg = Release|Any CPU
		{4D4E4F50-5152-5354-5556-575859606162}.Release|Any CPU.Build.0 = Release|Any CPU
		{5E5F6061-6263-6465-6667-686970717273}.Debug|Any CPU.ActiveCfg = Debug|Any CPU
		{5E5F6061-6263-6465-6667-686970717273}.Debug|Any CPU.Build.0 = Debug|Any CPU
		{5E5F6061-6263-6465-6667-686970717273}.Release|Any CPU.ActiveCfg = Release|Any CPU
		{5E5F6061-6263-6465-6667-686970717273}.Release|Any CPU.Build.0 = Release|Any CPU
	EndGlobalSection
	GlobalSection(NestedProjects) = preSolution
		{1A1B1C1D-1E1F-2021-2223-242526272829} = {8E8B8F8D-6E0B-4F9D-8F4C-1E8B8F8D6E0B}
		{2B2C2D2E-2F30-3132-3334-353637383940} = {8E8B8F8D-6E0B-4F9D-8F4C-1E8B8F8D6E0B}
		{3C3D3E3F-4041-4243-4445-464748495051} = {8E8B8F8D-6E0B-4F9D-8F4C-1E8B8F8D6E0B}
		{4D4E4F50-5152-5354-5556-575859606162} = {8E8B8F8D-6E0B-4F9D-8F4C-1E8B8F8D6E0B}
		{5E5F6061-6263-6465-6667-686970717273} = {8E8B8F8D-6E0B-4F9D-8F4C-1E8B8F8D6E0B}
	EndGlobalSection
EndGlobal
